// !$*UTF8*$!
{
	archiveVersion = 1;
	classes = {
	};
	objectVersion = 50;
	objects = {

/* Begin PBXBuildFile section */
		1864491D23A7475E0047CCE8 /* AppDelegate.swift in Sources */ = {isa = PBXBuildFile; fileRef = 1864491C23A7475E0047CCE8 /* AppDelegate.swift */; };
		1864491F23A7475E0047CCE8 /* ViewController.swift in Sources */ = {isa = PBXBuildFile; fileRef = 1864491E23A7475E0047CCE8 /* ViewController.swift */; };
		1864492123A7475F0047CCE8 /* Assets.xcassets in Resources */ = {isa = PBXBuildFile; fileRef = 1864492023A7475F0047CCE8 /* Assets.xcassets */; };
		1864492423A7475F0047CCE8 /* Main.storyboard in Resources */ = {isa = PBXBuildFile; fileRef = 1864492223A7475F0047CCE8 /* Main.storyboard */; };
		1864493723A749C70047CCE8 /* AdvancedEncoder.swift in Sources */ = {isa = PBXBuildFile; fileRef = 1864493623A749C70047CCE8 /* AdvancedEncoder.swift */; };
/* End PBXBuildFile section */

/* Begin PBXFileReference section */
		1864491923A7475E0047CCE8 /* SurdusEncoder.app */ = {isa = PBXFileReference; explicitFileType = wrapper.application; includeInIndex = 0; path = SurdusEncoder.app; sourceTree = BUILT_PRODUCTS_DIR; };
		1864491C23A7475E0047CCE8 /* AppDelegate.swift */ = {isa = PBXFileReference; lastKnownFileType = sourcecode.swift; path = AppDelegate.swift; sourceTree = "<group>"; };
		1864491E23A7475E0047CCE8 /* ViewController.swift */ = {isa = PBXFileReference; lastKnownFileType = sourcecode.swift; path = ViewController.swift; sourceTree = "<group>"; };
		1864492023A7475F0047CCE8 /* Assets.xcassets */ = {isa = PBXFileReference; lastKnownFileType = folder.assetcatalog; path = Assets.xcassets; sourceTree = "<group>"; };
		1864492323A7475F0047CCE8 /* Base */ = {isa = PBXFileReference; lastKnownFileType = file.storyboard; name = Base; path = Base.lproj/Main.storyboard; sourceTree = "<group>"; };
		1864492523A7475F0047CCE8 /* Info.plist */ = {isa = PBXFileReference; lastKnownFileType = text.plist.xml; path = Info.plist; sourceTree = "<group>"; };
		1864492623A7475F0047CCE8 /* SurdusEncoder.entitlements */ = {isa = PBXFileReference; lastKnownFileType = text.plist.entitlements; path = SurdusEncoder.entitlements; sourceTree = "<group>"; };
		1864493623A749C70047CCE8 /* AdvancedEncoder.swift */ = {isa = PBXFileReference; lastKnownFileType = sourcecode.swift; path = AdvancedEncoder.swift; sourceTree = "<group>"; };
/* End PBXFileReference section */

/* Begin PBXFrameworksBuildPhase section */
		1864491623A7475E0047CCE8 /* Frameworks */ = {
			isa = PBXFrameworksBuildPhase;
			buildActionMask = 2147483647;
			files = (
			);
			runOnlyForDeploymentPostprocessing = 0;
		};
/* End PBXFrameworksBuildPhase section */

/* Begin PBXGroup section */
		1864491023A7475E0047CCE8 = {
			isa = PBXGroup;
			children = (
				1864491B23A7475E0047CCE8 /* SurdusEncoder */,
				1864491A23A7475E0047CCE8 /* Products */,
			);
			sourceTree = "<group>";
		};
		1864491A23A7475E0047CCE8 /* Products */ = {
			isa = PBXGroup;
			children = (
				1864491923A7475E0047CCE8 /* SurdusEncoder.app */,
			);
			name = Products;
			sourceTree = "<group>";
		};
		1864491B23A7475E0047CCE8 /* SurdusEncoder */ = {
			isa = PBXGroup;
			children = (
				1864491C23A7475E0047CCE8 /* AppDelegate.swift */,
				1864491E23A7475E0047CCE8 /* ViewController.swift */,
				1864493623A749C70047CCE8 /* AdvancedEncoder.swift */,
				1864492023A7475F0047CCE8 /* Assets.xcassets */,
				1864492223A7475F0047CCE8 /* Main.storyboard */,
				1864492523A7475F0047CCE8 /* Info.plist */,
				1864492623A7475F0047CCE8 /* SurdusEncoder.entitlements */,
			);
			path = SurdusEncoder;
			sourceTree = "<group>";
		};
/* End PBXGroup section */

/* Begin PBXNativeTarget section */
		1864491823A7475E0047CCE8 /* SurdusEncoder */ = {
			isa = PBXNativeTarget;
			buildConfigurationList = 1864492923A7475F0047CCE8 /* Build configuration list for PBXNativeTarget "SurdusEncoder" */;
			buildPhases = (
				1864491523A7475E0047CCE8 /* Sources */,
				1864491623A7475E0047CCE8 /* Frameworks */,
				1864491723A7475E0047CCE8 /* Resources */,
			);
			buildRules = (
			);
			dependencies = (
			);
			name = SurdusEncoder;
			productName = SurdusEncoder;
			productReference = 1864491923A7475E0047CCE8 /* SurdusEncoder.app */;
			productType = "com.apple.product-type.application";
		};
/* End PBXNativeTarget section */

/* Begin PBXProject section */
		1864491123A7475E0047CCE8 /* Project object */ = {
			isa = PBXProject;
			attributes = {
				LastSwiftUpdateCheck = 1130;
				LastUpgradeCheck = 1130;
				ORGANIZATIONNAME = SJTU;
				TargetAttributes = {
					1864491823A7475E0047CCE8 = {
						CreatedOnToolsVersion = 11.3;
					};
				};
			};
			buildConfigurationList = 1864491423A7475E0047CCE8 /* Build configuration list for PBXProject "SurdusEncoder" */;
			compatibilityVersion = "Xcode 9.3";
			developmentRegion = en;
			hasScannedForEncodings = 0;
			knownRegions = (
				en,
				Base,
			);
			mainGroup = 1864491023A7475E0047CCE8;
			productRefGroup = 1864491A23A7475E0047CCE8 /* Products */;
			projectDirPath = "";
			projectRoot = "";
			targets = (
				1864491823A7475E0047CCE8 /* SurdusEncoder */,
			);
		};
/* End PBXProject section */

/* Begin PBXResourcesBuildPhase section */
		1864491723A7475E0047CCE8 /* Resources */ = {
			isa = PBXResourcesBuildPhase;
			buildActionMask = 2147483647;
			files = (
				1864492123A7475F0047CCE8 /* Assets.xcassets in Resources */,
				1864492423A7475F0047CCE8 /* Main.storyboard in Resources */,
			);
			runOnlyForDeploymentPostprocessing = 0;
		};
/* End PBXResourcesBuildPhase section */

/* Begin PBXSourcesBuildPhase section */
		1864491523A7475E0047CCE8 /* Sources */ = {
			isa = PBXSourcesBuildPhase;
			buildActionMask = 2147483647;
			files = (
				1864493723A749C70047CCE8 /* AdvancedEncoder.swift in Sources */,
				1864491F23A7475E0047CCE8 /* ViewController.swift in Sources */,
				1864491D23A7475E0047CCE8 /* AppDelegate.swift in Sources */,
			);
			runOnlyForDeploymentPostprocessing = 0;
		};
/* End PBXSourcesBuildPhase section */

/* Begin PBXVariantGroup section */
		1864492223A7475F0047CCE8 /* Main.storyboard */ = {
			isa = PBXVariantGroup;
			children = (
				1864492323A7475F0047CCE8 /* Base */,
			);
			name = Main.storyboard;
			sourceTree = "<group>";
		};
/* End PBXVariantGroup section */

/* Begin XCBuildConfiguration section */
		1864492723A7475F0047CCE8 /* Debug */ = {
			isa = XCBuildConfiguration;
			buildSettings = {
				ALWAYS_SEARCH_USER_PATHS = NO;
				CLANG_ANALYZER_NONNULL = YES;
				CLANG_ANALYZER_NUMBER_OBJECT_CONVERSION = YES_AGGRESSIVE;
				CLANG_CXX_LANGUAGE_STANDARD = "gnu++14";
				CLANG_CXX_LIBRARY = "libc++";
				CLANG_ENABLE_MODULES = YES;
				CLANG_ENABLE_OBJC_ARC = YES;
				CLANG_ENABLE_OBJC_WEAK = YES;
				CLANG_WARN_BLOCK_CAPTURE_AUTORELEASING = YES;
				CLANG_WARN_BOOL_CONVERSION = YES;
				CLANG_WARN_COMMA = YES;
				CLANG_WARN_CONSTANT_CONVERSION = YES;
				CLANG_WARN_DEPRECATED_OBJC_IMPLEMENTATIONS = YES;
				CLANG_WARN_DIRECT_OBJC_ISA_USAGE = YES_ERROR;
				CLANG_WARN_DOCUMENTATION_COMMENTS = YES;
				CLANG_WARN_EMPTY_BODY = YES;
				CLANG_WARN_ENUM_CONVERSION = YES;
				CLANG_WARN_INFINITE_RECURSION = YES;
				CLANG_WARN_INT_CONVERSION = YES;
				CLANG_WARN_NON_LITERAL_NULL_CONVERSION = YES;
				CLANG_WARN_OBJC_IMPLICIT_RETAIN_SELF = YES;
				CLANG_WARN_OBJC_LITERAL_CONVERSION = YES;
				CLANG_WARN_OBJC_ROOT_CLASS = YES_ERROR;
				CLANG_WARN_RANGE_LOOP_ANALYSIS = YES;
				CLANG_WARN_STRICT_PROTOTYPES = YES;
				CLANG_WARN_SUSPICIOUS_MOVE = YES;
				CLANG_WARN_UNGUARDED_AVAILABILITY = YES_AGGRESSIVE;
				CLANG_WARN_UNREACHABLE_CODE = YES;
				CLANG_WARN__DUPLICATE_METHOD_MATCH = YES;
				COPY_PHASE_STRIP = NO;
				DEBUG_INFORMATION_FORMAT = dwarf;
				ENABLE_STRICT_OBJC_MSGSEND = YES;
				ENABLE_TESTABILITY = YES;
				GCC_C_LANGUAGE_STANDARD = gnu11;
				GCC_DYNAMIC_NO_PIC = NO;
				GCC_NO_COMMON_BLOCKS = YES;
				GCC_OPTIMIZATION_LEVEL = 0;
				GCC_PREPROCESSOR_DEFINITIONS = (
					"DEBUG=1",
					"$(inherited)",
				);
				GCC_WARN_64_TO_32_BIT_CONVERSION = YES;
				GCC_WARN_ABOUT_RETURN_TYPE = YES_ERROR;
				GCC_WARN_UNDECLARED_SELECTOR = YES;
				GCC_WARN_UNINITIALIZED_AUTOS = YES_AGGRESSIVE;
				GCC_WARN_UNUSED_FUNCTION = YES;
				GCC_WARN_UNUSED_VARIABLE = YES;
				MACOSX_DEPLOYMENT_TARGET = 10.15;
				MTL_ENABLE_DEBUG_INFO = INCLUDE_SOURCE;
				MTL_FAST_MATH = YES;
				ONLY_ACTIVE_ARCH = YES;
				SDKROOT = macosx;
				SWIFT_ACTIVE_COMPILATION_CONDITIONS = DEBUG;
				SWIFT_OPTIMIZATION_LEVEL = "-Onone";
			};
			name = Debug;
		};
		1864492823A7475F0047CCE8 /* Release */ = {
			isa = XCBuildConfiguration;
			buildSettings = {
				ALWAYS_SEARCH_USER_PATHS = NO;
				CLANG_ANALYZER_NONNULL = YES;
				CLANG_ANALYZER_NUMBER_OBJECT_CONVERSION = YES_AGGRESSIVE;
				CLANG_CXX_LANGUAGE_STANDARD = "gnu++14";
				CLANG_CXX_LIBRARY = "libc++";
				CLANG_ENABLE_MODULES = YES;
				CLANG_ENABLE_OBJC_ARC = YES;
				CLANG_ENABLE_OBJC_WEAK = YES;
				CLANG_WARN_BLOCK_CAPTURE_AUTORELEASING = YES;
				CLANG_WARN_BOOL_CONVERSION = YES;
				CLANG_WARN_COMMA = YES;
				CLANG_WARN_CONSTANT_CONVERSION = YES;
				CLANG_WARN_DEPRECATED_OBJC_IMPLEMENTATIONS = YES;
				CLANG_WARN_DIRECT_OBJC_ISA_USAGE = YES_ERROR;
				CLANG_WARN_DOCUMENTATION_COMMENTS = YES;
				CLANG_WARN_EMPTY_BODY = YES;
				CLANG_WARN_ENUM_CONVERSION = YES;
				CLANG_WARN_INFINITE_RECURSION = YES;
				CLANG_WARN_INT_CONVERSION = YES;
				CLANG_WARN_NON_LITERAL_NULL_CONVERSION = YES;
				CLANG_WARN_OBJC_IMPLICIT_RETAIN_SELF = YES;
				CLANG_WARN_OBJC_LITERAL_CONVERSION = YES;
				CLANG_WARN_OBJC_ROOT_CLASS = YES_ERROR;
				CLANG_WARN_RANGE_LOOP_ANALYSIS = YES;
				CLANG_WARN_STRICT_PROTOTYPES = YES;
				CLANG_WARN_SUSPICIOUS_MOVE = YES;
				CLANG_WARN_UNGUARDED_AVAILABILITY = YES_AGGRESSIVE;
				CLANG_WARN_UNREACHABLE_CODE = YES;
				CLANG_WARN__DUPLICATE_METHOD_MATCH = YES;
				COPY_PHASE_STRIP = NO;
				DEBUG_INFORMATION_FORMAT = "dwarf-with-dsym";
				ENABLE_NS_ASSERTIONS = NO;
				ENABLE_STRICT_OBJC_MSGSEND = YES;
				GCC_C_LANGUAGE_STANDARD = gnu11;
				GCC_NO_COMMON_BLOCKS = YES;
				GCC_WARN_64_TO_32_BIT_CONVERSION = YES;
				GCC_WARN_ABOUT_RETURN_TYPE = YES_ERROR;
				GCC_WARN_UNDECLARED_SELECTOR = YES;
				GCC_WARN_UNINITIALIZED_AUTOS = YES_AGGRESSIVE;
				GCC_WARN_UNUSED_FUNCTION = YES;
				GCC_WARN_UNUSED_VARIABLE = YES;
				MACOSX_DEPLOYMENT_TARGET = 10.15;
				MTL_ENABLE_DEBUG_INFO = NO;
				MTL_FAST_MATH = YES;
				SDKROOT = macosx;
				SWIFT_COMPILATION_MODE = wholemodule;
				SWIFT_OPTIMIZATION_LEVEL = "-O";
			};
			name = Release;
		};
		1864492A23A7475F0047CCE8 /* Debug */ = {
			isa = XCBuildConfiguration;
			buildSettings = {
				ASSETCATALOG_COMPILER_APPICON_NAME = AppIcon;
				CODE_SIGN_ENTITLEMENTS = SurdusEncoder/SurdusEncoder.entitlements;
				CODE_SIGN_STYLE = Automatic;
				COMBINE_HIDPI_IMAGES = YES;
				DEVELOPMENT_TEAM = 5986P8XRPT;
				ENABLE_HARDENED_RUNTIME = YES;
				INFOPLIST_FILE = SurdusEncoder/Info.plist;
				LD_RUNPATH_SEARCH_PATHS = (
					"$(inherited)",
					"@executable_path/../Frameworks",
				);
				PRODUCT_BUNDLE_IDENTIFIER = cn.edu.sjtu.wunschunreif.SurdusEncoder;
				PRODUCT_NAME = "$(TARGET_NAME)";
				SWIFT_VERSION = 5.0;
			};
			name = Debug;
		};
		1864492B23A7475F0047CCE8 /* Release */ = {
			isa = XCBuildConfiguration;
			buildSettings = {
				ASSETCATALOG_COMPILER_APPICON_NAME = AppIcon;
				CODE_SIGN_ENTITLEMENTS = SurdusEncoder/SurdusEncoder.entitlements;
				CODE_SIGN_STYLE = Automatic;
				COMBINE_HIDPI_IMAGES = YES;
				DEVELOPMENT_TEAM = 5986P8XRPT;
				ENABLE_HARDENED_RUNTIME = YES;
				INFOPLIST_FILE = SurdusEncoder/Info.plist;
				LD_RUNPATH_SEARCH_PATHS = (
					"$(inherited)",
					"@executable_path/../Frameworks",
				);
				ONLY_ACTIVE_ARCH = YES;
				PRODUCT_BUNDLE_IDENTIFIER = cn.edu.sjtu.wunschunreif.SurdusEncoder;
				PRODUCT_NAME = "$(TARGET_NAME)";
				SWIFT_VERSION = 5.0;
			};
			name = Release;
		};
/* End XCBuildConfiguration section */

/* Begin XCConfigurationList section */
		1864491423A7475E0047CCE8 /* Build configuration list for PBXProject "SurdusEncoder" */ = {
			isa = XCConfigurationList;
			buildConfigurations = (
				1864492723A7475F0047CCE8 /* Debug */,
				1864492823A7475F0047CCE8 /* Release */,
			);
			defaultConfigurationIsVisible = 0;
			defaultConfigurationName = Release;
		};
		1864492923A7475F0047CCE8 /* Build configuration list for PBXNativeTarget "SurdusEncoder" */ = {
			isa = XCConfigurationList;
			buildConfigurations = (
				1864492A23A7475F0047CCE8 /* Debug */,
				1864492B23A7475F0047CCE8 /* Release */,
			);
			defaultConfigurationIsVisible = 0;
			defaultConfigurationName = Release;
		};
/* End XCConfigurationList section */
	};
	rootObject = 1864491123A7475E0047CCE8 /* Project object */;
}
